
Microsoft Visual Studio Solution File, Format Version 12.00
# Visual Studio Version 17
VisualStudioVersion = 17.8.34511.84
MinimumVisualStudioVersion = 10.0.40219.1
Project("{FAE04EC0-301F-11D3-BF4B-00C04F79EFBC}") = "minimalAPIMongo", "minimalAPIMongo.csproj", "{ABD79F07-BD1B-4B94-95A1-309DFD896E41}"
EndProject
Global
	GlobalSection(SolutionConfigurationPlatforms) = preSolution
		Debug|Any CPU = Debug|Any CPU
		Release|Any CPU = Release|Any CPU
	EndGlobalSection
	GlobalSection(ProjectConfigurationPlatforms) = postSolution
		{ABD79F07-BD1B-4B94-95A1-309DFD896E41}.Debug|Any CPU.ActiveCfg = Debug|Any CPU
		{ABD79F07-BD1B-4B94-95A1-309DFD896E41}.Debug|Any CPU.Build.0 = Debug|Any CPU
		{ABD79F07-BD1B-4B94-95A1-309DFD896E41}.Release|Any CPU.ActiveCfg = Release|Any CPU
		{ABD79F07-BD1B-4B94-95A1-309DFD896E41}.Release|Any CPU.Build.0 = Release|Any CPU
	EndGlobalSection
	GlobalSection(SolutionProperties) = preSolution
		HideSolutionNode = FALSE
	EndGlobalSection
	GlobalSection(ExtensibilityGlobals) = postSolution
		SolutionGuid = {212A2780-6AE9-477E-AE70-61E724D61EC7}
	EndGlobalSection
EndGlobal
